
Microsoft Visual Studio Solution File, Format Version 12.00
# Visual Studio Version 16
VisualStudioVersion = 16.0.32413.511
MinimumVisualStudioVersion = 10.0.40219.1
Project("{FAE04EC0-301F-11D3-BF4B-00C04F79EFBC}") = "SSD Assignment - shirts4uz", "SSD Assignment - shirts4uz\SSD Assignment - shirts4uz.csproj", "{0E82B21B-3E66-4C81-9637-05E42495845E}"
EndProject
Global
	GlobalSection(SolutionConfigurationPlatforms) = preSolution
		Debug|Any CPU = Debug|Any CPU
		Release|Any CPU = Release|Any CPU
	EndGlobalSection
	GlobalSection(ProjectConfigurationPlatforms) = postSolution
		{0E82B21B-3E66-4C81-9637-05E42495845E}.Debug|Any CPU.ActiveCfg = Debug|Any CPU
		{0E82B21B-3E66-4C81-9637-05E42495845E}.Debug|Any CPU.Build.0 = Debug|Any CPU
		{0E82B21B-3E66-4C81-9637-05E42495845E}.Release|Any CPU.ActiveCfg = Release|Any CPU
		{0E82B21B-3E66-4C81-9637-05E42495845E}.Release|Any CPU.Build.0 = Release|Any CPU
	EndGlobalSection
	GlobalSection(SolutionProperties) = preSolution
		HideSolutionNode = FALSE
	EndGlobalSection
	GlobalSection(ExtensibilityGlobals) = postSolution
		SolutionGuid = {6D6D2B05-DF89-46A7-B952-2F30BA4CEC33}
	EndGlobalSection
EndGlobal
